{
  "requires": true,
  "lockfileVersion": 1,
  "dependencies": {
    "@polymer/polymer": {
      "version": "3.2.0",
      "resolved": "https://registry.npmjs.org/@polymer/polymer/-/polymer-3.2.0.tgz",
      "integrity": "sha512-L6uV1oM6T6xbwbVx6t3biG5T2VSSB03LxnIrUd9M2pr6RkHVPFHJ37pC5MUwBAEhkGFJif7eks7fdMMSGZTeEQ==",
      "requires": {
        "@webcomponents/shadycss": "^1.8.0"
      }
    },
    "@webcomponents/shadycss": {
      "version": "1.9.1",
      "resolved": "https://registry.npmjs.org/@webcomponents/shadycss/-/shadycss-1.9.1.tgz",
      "integrity": "sha512-IaZOnWOKXHghqk/WfPNDRIgDBi3RsVPY2IFAw6tYiL9UBGvQRy5R6uC+Fk7qTZsReTJ0xh5MTT8yAcb3MUR4mQ=="
    }
  }
}
