{
  "name": "lit-element-benchmarks",
  "version": "0.1.0",
  "lockfileVersion": 1,
  "requires": true,
  "dependencies": {
    "lit-element": {
      "version": "2.1.0",
      "resolved": "https://registry.npmjs.org/lit-element/-/lit-element-2.1.0.tgz",
      "integrity": "sha512-0z/KHm1xZweivfOVRr8AKR06+D3k02u15m9s4jkuRdnGe5wfmEwePzrQQBsSZNILdnfJvfo3TJOeGhBCVZaPbw==",
      "requires": {
        "lit-html": "^1.0.0"
      }
    },
    "lit-html": {
      "version": "1.1.0",
      "resolved": "https://registry.npmjs.org/lit-html/-/lit-html-1.1.0.tgz",
      "integrity": "sha512-ZDJHpJi09yknMpjwPI8fuSl5sUG7+pF+eE5WciFtgyX7zebvgMDBgSLq4knXa7grxM00RkQ7PBd7UZQiruA78Q=="
    }
  }
}
