{
  "requires": true,
  "lockfileVersion": 1,
  "dependencies": {
    "@polymer/lit-element": {
      "version": "0.6.2",
      "resolved": "https://registry.npmjs.org/@polymer/lit-element/-/lit-element-0.6.2.tgz",
      "integrity": "sha512-4NWvK6SyAyyeW1mQ24ZVR+rtqZNHZ2JWnVTsPF/1iXnmmPwnpLs8mz0HRqz5adyoyt96ed/y2dsDwGBktJYyew==",
      "requires": {
        "lit-html": "^0.12.0"
      }
    },
    "@stackblitz/sdk": {
      "version": "1.2.0",
      "resolved": "https://registry.npmjs.org/@stackblitz/sdk/-/sdk-1.2.0.tgz",
      "integrity": "sha512-akrcKu7i1xw/VgdaZsREWoNTAm9F3d3hi0Yi44n2Zjq1RAal990W8WaX0NVc9qUkZr/++Lps/w+o2HQwExPMzw=="
    },
    "@webcomponents/webcomponentsjs": {
      "version": "2.1.3",
      "resolved": "https://registry.npmjs.org/@webcomponents/webcomponentsjs/-/webcomponentsjs-2.1.3.tgz",
      "integrity": "sha512-0UHJNY88lR3pnEYtBVT7F8cuuxOiITQGWJa0LxoELqkBSB7IabzJFOj5K99PajD3CGAsWpjB0CAeijfe376Y1w=="
    },
    "lit-html": {
      "version": "0.12.0",
      "resolved": "https://registry.npmjs.org/lit-html/-/lit-html-0.12.0.tgz",
      "integrity": "sha512-NyFgq8yTlGEjUFQOmNnK/kj+ZdDVJzTwsLunNSewGiOns7SjuJi6ymCCqzZZ81uW2VwEmliMbOlFZc9QmOJPLA=="
    }
  }
}
