{
  "name": "lit-element-docs",
  "version": "1.0.0",
  "lockfileVersion": 1,
  "requires": true,
  "dependencies": {
    "@polymer/lit-element": {
      "version": "0.6.1",
      "resolved": "https://registry.npmjs.org/@polymer/lit-element/-/lit-element-0.6.1.tgz",
      "integrity": "sha512-eselNs2lA4n1R1rSyPXW8XR3ISmbYVQcDtIMSINHVNZ56pCtCHOtgmaG8C4k0gONwikEMJTP9blNHD/gdYIxFA==",
      "requires": {
        "lit-html": "^0.11.4"
      }
    },
    "@stackblitz/sdk": {
      "version": "1.2.0",
      "resolved": "https://registry.npmjs.org/@stackblitz/sdk/-/sdk-1.2.0.tgz",
      "integrity": "sha512-akrcKu7i1xw/VgdaZsREWoNTAm9F3d3hi0Yi44n2Zjq1RAal990W8WaX0NVc9qUkZr/++Lps/w+o2HQwExPMzw=="
    },
    "@webcomponents/webcomponentsjs": {
      "version": "2.1.3",
      "resolved": "https://registry.npmjs.org/@webcomponents/webcomponentsjs/-/webcomponentsjs-2.1.3.tgz",
      "integrity": "sha512-0UHJNY88lR3pnEYtBVT7F8cuuxOiITQGWJa0LxoELqkBSB7IabzJFOj5K99PajD3CGAsWpjB0CAeijfe376Y1w=="
    },
    "lit-html": {
      "version": "0.11.4",
      "resolved": "https://registry.npmjs.org/lit-html/-/lit-html-0.11.4.tgz",
      "integrity": "sha512-yfJUxQrRjhYo4cdz3Db9YlkHs9v+rTZA4fvE/dqCOrA1Q2Bmx52X2OtEgGQ+JhyCb6ddDTndLijZjsSoQ44G7Q=="
    }
  }
}
